
Microsoft Visual Studio Solution File, Format Version 11.00
# Visual C# Express 2010
Project("{FAE04EC0-301F-11D3-BF4B-00C04F79EFBC}") = "StreamView", "StreamView\StreamView.csproj", "{7782AC8A-995E-4754-8488-728F59A3A602}"
EndProject
Global
	GlobalSection(SolutionConfigurationPlatforms) = preSolution
		Debug|x86 = Debug|x86
		Release|x86 = Release|x86
	EndGlobalSection
	GlobalSection(ProjectConfigurationPlatforms) = postSolution
		{7782AC8A-995E-4754-8488-728F59A3A602}.Debug|x86.ActiveCfg = Debug|x86
		{7782AC8A-995E-4754-8488-728F59A3A602}.Debug|x86.Build.0 = Debug|x86
		{7782AC8A-995E-4754-8488-728F59A3A602}.Release|x86.ActiveCfg = Release|x86
		{7782AC8A-995E-4754-8488-728F59A3A602}.Release|x86.Build.0 = Release|x86
	EndGlobalSection
	GlobalSection(SolutionProperties) = preSolution
		HideSolutionNode = FALSE
	EndGlobalSection
EndGlobal
